
Microsoft Visual Studio Solution File, Format Version 12.00
# Visual Studio 2013
VisualStudioVersion = 12.0.30501.0
MinimumVisualStudioVersion = 10.0.40219.1
Project("{FAE04EC0-301F-11D3-BF4B-00C04F79EFBC}") = "LoginID", "LoginID\LoginID.csproj", "{D49EB834-C45F-4D90-971D-52BF438FE3D1}"
EndProject
Project("{FAE04EC0-301F-11D3-BF4B-00C04F79EFBC}") = "WindowsFormsApplication", "WindowsFormsApplication\WindowsFormsApplication.csproj", "{93CC99EE-9A69-4B6B-AA29-0208D5FF7CD3}"
	ProjectSection(ProjectDependencies) = postProject
		{D49EB834-C45F-4D90-971D-52BF438FE3D1} = {D49EB834-C45F-4D90-971D-52BF438FE3D1}
	EndProjectSection
EndProject
Project("{E24C65DC-7377-472B-9ABA-BC803B73C61A}") = "WebSite6(2)", "http://localhost:27961", "{18F95986-D8CC-4D16-B4A6-61FC26C8F385}"
	ProjectSection(WebsiteProperties) = preProject
		UseIISExpress = "true"
		TargetFrameworkMoniker = ".NETFramework,Version%3Dv4.5"
		Debug.AspNetCompiler.VirtualPath = "/localhost_27961"
		Debug.AspNetCompiler.PhysicalPath = "WebSite6\"
		Debug.AspNetCompiler.TargetPath = "PrecompiledWeb\localhost_27961\"
		Debug.AspNetCompiler.Updateable = "true"
		Debug.AspNetCompiler.ForceOverwrite = "true"
		Debug.AspNetCompiler.FixedNames = "false"
		Debug.AspNetCompiler.Debug = "True"
		Release.AspNetCompiler.VirtualPath = "/localhost_27961"
		Release.AspNetCompiler.PhysicalPath = "WebSite6\"
		Release.AspNetCompiler.TargetPath = "PrecompiledWeb\localhost_27961\"
		Release.AspNetCompiler.Updateable = "true"
		Release.AspNetCompiler.ForceOverwrite = "true"
		Release.AspNetCompiler.FixedNames = "false"
		Release.AspNetCompiler.Debug = "False"
		SlnRelativePath = "WebSite6\"
	EndProjectSection
EndProject
Global
	GlobalSection(SolutionConfigurationPlatforms) = preSolution
		Debug|Any CPU = Debug|Any CPU
		Release|Any CPU = Release|Any CPU
	EndGlobalSection
	GlobalSection(ProjectConfigurationPlatforms) = postSolution
		{D49EB834-C45F-4D90-971D-52BF438FE3D1}.Debug|Any CPU.ActiveCfg = Debug|Any CPU
		{D49EB834-C45F-4D90-971D-52BF438FE3D1}.Debug|Any CPU.Build.0 = Debug|Any CPU
		{D49EB834-C45F-4D90-971D-52BF438FE3D1}.Release|Any CPU.ActiveCfg = Release|Any CPU
		{D49EB834-C45F-4D90-971D-52BF438FE3D1}.Release|Any CPU.Build.0 = Release|Any CPU
		{93CC99EE-9A69-4B6B-AA29-0208D5FF7CD3}.Debug|Any CPU.ActiveCfg = Debug|Any CPU
		{93CC99EE-9A69-4B6B-AA29-0208D5FF7CD3}.Debug|Any CPU.Build.0 = Debug|Any CPU
		{93CC99EE-9A69-4B6B-AA29-0208D5FF7CD3}.Release|Any CPU.ActiveCfg = Release|Any CPU
		{93CC99EE-9A69-4B6B-AA29-0208D5FF7CD3}.Release|Any CPU.Build.0 = Release|Any CPU
		{18F95986-D8CC-4D16-B4A6-61FC26C8F385}.Debug|Any CPU.ActiveCfg = Debug|Any CPU
		{18F95986-D8CC-4D16-B4A6-61FC26C8F385}.Debug|Any CPU.Build.0 = Debug|Any CPU
		{18F95986-D8CC-4D16-B4A6-61FC26C8F385}.Release|Any CPU.ActiveCfg = Debug|Any CPU
		{18F95986-D8CC-4D16-B4A6-61FC26C8F385}.Release|Any CPU.Build.0 = Debug|Any CPU
	EndGlobalSection
	GlobalSection(SolutionProperties) = preSolution
		HideSolutionNode = FALSE
	EndGlobalSection
EndGlobal
